<?xml version="1.0" encoding="utf-8"?>
<Project ToolsVersion="4.0" xmlns="http://schemas.microsoft.com/developer/msbuild/2003">
  <ItemGroup>
    <Filter Include="Source Files">
      <UniqueIdentifier>{4FC737F1-C7A5-4376-A066-2A32D752A2FF}</UniqueIdentifier>
      <Extensions>cpp;c;cc;cxx;c++;cppm;ixx;def;odl;idl;hpj;bat;asm;asmx</Extensions>
    </Filter>
    <Filter Include="Header Files">
      <UniqueIdentifier>{93995380-89BD-4b04-88EB-625FBE52EBFB}</UniqueIdentifier>
      <Extensions>h;hh;hpp;hxx;h++;hm;inl;inc;ipp;xsd</Extensions>
    </Filter>
    <Filter Include="Resource Files">
      <UniqueIdentifier>{67DA6AB6-F800-4c08-8B7A-83BB121AAD01}</UniqueIdentifier>
      <Extensions>rc;ico;cur;bmp;dlg;rc2;rct;bin;rgs;gif;jpg;jpeg;jpe;resx;tiff;tif;png;wav;mfcribbon-ms</Extensions>
    </Filter>
    <Filter Include="Resource Files\Orbbec">
      <UniqueIdentifier>{b51bdc35-2f94-43b9-a8b6-275f024afdd8}</UniqueIdentifier>
    </Filter>
    <Filter Include="Source Files\CameraController">
      <UniqueIdentifier>{4fef71fb-8f55-4ef9-9bd4-22e1ccb00dc2}</UniqueIdentifier>
    </Filter>
    <Filter Include="Header Files\Openni">
      <UniqueIdentifier>{451d06c9-1dee-40b9-9066-a36ce1bd7ed1}</UniqueIdentifier>
    </Filter>
    <Filter Include="Header Files\Cameras">
      <UniqueIdentifier>{6a77f233-2c7f-4be1-85b8-ee9e817c94b2}</UniqueIdentifier>
    </Filter>
    <Filter Include="Header Files\Utilities">
      <UniqueIdentifier>{383e8611-0f89-48c1-9ab8-7d8555c71612}</UniqueIdentifier>
    </Filter>
    <Filter Include="Source Files\Parameters">
      <UniqueIdentifier>{7abcc4e3-9da6-487c-81f8-ffc36ab5d87b}</UniqueIdentifier>
    </Filter>
  </ItemGroup>
  <ItemGroup>
    <ClCompile Include="src\main.cpp">
      <Filter>Source Files</Filter>
    </ClCompile>
    <ClCompile Include="src\cameras\OrbbecCamera.cpp">
      <Filter>Source Files\CameraController</Filter>
    </ClCompile>
    <ClCompile Include="src\cameras\RealSenseCamera.cpp">
      <Filter>Source Files\CameraController</Filter>
    </ClCompile>
    <ClCompile Include="src\cameras\CameraHandler.cpp">
      <Filter>Source Files</Filter>
    </ClCompile>
    <ClCompile Include="src\obj\PointCloud.cpp">
      <Filter>Source Files</Filter>
    </ClCompile>
    <ClCompile Include="src\utilities\helper\GLFWHelper.cpp">
      <Filter>Source Files</Filter>
    </ClCompile>
    <ClCompile Include="src\utilities\helper\ImGuiHelper.cpp">
      <Filter>Source Files</Filter>
    </ClCompile>
    <ClCompile Include="src\obj\SkeletonDetectorOpenPose.cpp">
      <Filter>Source Files</Filter>
    </ClCompile>
    <ClCompile Include="src\obj\SkeletonDetectorNuitrack.cpp">
      <Filter>Source Files</Filter>
    </ClCompile>
  </ItemGroup>
  <ItemGroup>
    <None Include=".gitignore">
      <Filter>Resource Files</Filter>
    </None>
    <None Include="Readme.md">
      <Filter>Resource Files</Filter>
    </None>
    <None Include="vcpkg.json">
      <Filter>Resource Files</Filter>
    </None>
    <None Include="docs\Orbbec\en\0000_Overview.md">
      <Filter>Resource Files\Orbbec</Filter>
    </None>
    <None Include="docs\Orbbec\en\0100_Installation.md">
      <Filter>Resource Files\Orbbec</Filter>
    </None>
    <None Include="docs\Orbbec\en\0200_Code samples.md">
      <Filter>Resource Files\Orbbec</Filter>
    </None>
    <None Include="docs\Orbbec\en\0300_SDK knowledge base.md">
      <Filter>Resource Files\Orbbec</Filter>
    </None>
    <None Include="docs\Orbbec\en\0400_API.md">
      <Filter>Resource Files\Orbbec</Filter>
    </None>
    <None Include="docs\Orbbec\en\0500_Product Support.md">
      <Filter>Resource Files\Orbbec</Filter>
    </None>
    <None Include="packages.config" />
    <None Include="imgui.ini" />
    <None Include="resources\shaders\PointCloud\PointCloud.vert" />
    <None Include="src\fesd.ipynb" />
    <None Include="resources\shaders\PointCloud\PointCloud.frag" />
  </ItemGroup>
  <ItemGroup>
    <ClInclude Include="third-party\OpenNI_SDK\Include\OpenNI.h">
      <Filter>Header Files\Openni</Filter>
    </ClInclude>
    <ClInclude Include="src\cameras\RealsenseCamera.h">
      <Filter>Header Files\Cameras</Filter>
    </ClInclude>
    <ClInclude Include="src\cameras\OrbbecCamera.h">
      <Filter>Header Files\Cameras</Filter>
    </ClInclude>
    <ClInclude Include="src\cameras\DepthCamera.h">
      <Filter>Header Files\Cameras</Filter>
    </ClInclude>
    <ClInclude Include="src\cameras\CameraHandler.h">
      <Filter>Header Files</Filter>
    </ClInclude>
    <ClInclude Include="src\utilities\Consts.h">
      <Filter>Header Files</Filter>
    </ClInclude>
    <ClInclude Include="src\obj\PointCloud.h">
      <Filter>Header Files</Filter>
    </ClInclude>
    <ClInclude Include="src\utilities\Callbacks.h">
      <Filter>Header Files</Filter>
    </ClInclude>
    <ClInclude Include="src\obj\Point.h">
      <Filter>Header Files</Filter>
    </ClInclude>
    <ClInclude Include="src\obj\BoundingBox.h">
      <Filter>Header Files</Filter>
    </ClInclude>
    <ClInclude Include="src\obj\Logger.h">
      <Filter>Header Files</Filter>
    </ClInclude>
    <ClInclude Include="src\obj\PointCloudStreamState.h">
      <Filter>Header Files</Filter>
    </ClInclude>
    <ClInclude Include="src\utilities\helper\GLFWHelper.h">
      <Filter>Header Files</Filter>
    </ClInclude>
    <ClInclude Include="src\utilities\helper\ImGuiHelper.h">
      <Filter>Header Files</Filter>
    </ClInclude>
    <ClInclude Include="src\utilities\Status.h">
      <Filter>Header Files</Filter>
    </ClInclude>
    <ClInclude Include="src\utilities\GLUtil.h">
      <Filter>Header Files</Filter>
    </ClInclude>
    <ClInclude Include="src\utilities\WindowInfo.h">
      <Filter>Header Files</Filter>
    </ClInclude>
    <ClInclude Include="src\utilities\CMaps.h">
      <Filter>Header Files</Filter>
    </ClInclude>
    <ClInclude Include="src\obj\SkeletonDetectorOpenPose.h">
      <Filter>Header Files</Filter>
    </ClInclude>
    <ClInclude Include="src\utilities\Utils.h">
      <Filter>Header Files</Filter>
    </ClInclude>
    <ClInclude Include="src\obj\SessionParameters.h">
      <Filter>Header Files</Filter>
    </ClInclude>
    <ClInclude Include="src\obj\SkeletonDetectorNuitrack.h">
      <Filter>Header Files</Filter>
    </ClInclude>
    <ClInclude Include="third-party\nuitrack-sdk\Nuitrack\include\middleware\DepthProviderAdapterAPI.h">
      <Filter>Header Files</Filter>
    </ClInclude>
    <ClInclude Include="third-party\nuitrack-sdk\Nuitrack\include\nuitrack\capi\ColorSensor_CAPI.h">
      <Filter>Header Files</Filter>
    </ClInclude>
    <ClInclude Include="third-party\nuitrack-sdk\Nuitrack\include\nuitrack\capi\DepthSensor_CAPI.h">
      <Filter>Header Files</Filter>
    </ClInclude>
    <ClInclude Include="third-party\nuitrack-sdk\Nuitrack\include\nuitrack\capi\GestureRecognizer_CAPI.h">
      <Filter>Header Files</Filter>
    </ClInclude>
    <ClInclude Include="third-party\nuitrack-sdk\Nuitrack\include\nuitrack\capi\HandTracker_CAPI.h">
      <Filter>Header Files</Filter>
    </ClInclude>
    <ClInclude Include="third-party\nuitrack-sdk\Nuitrack\include\nuitrack\capi\IOS_StructureCallbackProvider_CAPI.h">
      <Filter>Header Files</Filter>
    </ClInclude>
    <ClInclude Include="third-party\nuitrack-sdk\Nuitrack\include\nuitrack\capi\IssueTracker_CAPI.h">
      <Filter>Header Files</Filter>
    </ClInclude>
    <ClInclude Include="third-party\nuitrack-sdk\Nuitrack\include\nuitrack\capi\Nuitrack_CAPI.h">
      <Filter>Header Files</Filter>
    </ClInclude>
    <ClInclude Include="third-party\nuitrack-sdk\Nuitrack\include\nuitrack\capi\NuitrackDevice_CAPI.h">
      <Filter>Header Files</Filter>
    </ClInclude>
    <ClInclude Include="third-party\nuitrack-sdk\Nuitrack\include\nuitrack\capi\NuitrackModule_CAPI.h">
      <Filter>Header Files</Filter>
    </ClInclude>
    <ClInclude Include="third-party\nuitrack-sdk\Nuitrack\include\nuitrack\capi\Public_Nuitrack_CAPI.h">
      <Filter>Header Files</Filter>
    </ClInclude>
    <ClInclude Include="third-party\nuitrack-sdk\Nuitrack\include\nuitrack\capi\SkeletonTracker_CAPI.h">
      <Filter>Header Files</Filter>
    </ClInclude>
    <ClInclude Include="third-party\nuitrack-sdk\Nuitrack\include\nuitrack\capi\UserTracker_CAPI.h">
      <Filter>Header Files</Filter>
    </ClInclude>
    <ClInclude Include="third-party\nuitrack-sdk\Nuitrack\include\nuitrack\middleware\android\NuitrackManager.h">
      <Filter>Header Files</Filter>
    </ClInclude>
    <ClInclude Include="third-party\nuitrack-sdk\Nuitrack\include\nuitrack\middleware\android\USBGateKeeper.h">
      <Filter>Header Files</Filter>
    </ClInclude>
    <ClInclude Include="third-party\nuitrack-sdk\Nuitrack\include\nuitrack\modules\ColorSensor.h">
      <Filter>Header Files</Filter>
    </ClInclude>
    <ClInclude Include="third-party\nuitrack-sdk\Nuitrack\include\nuitrack\modules\DepthSensor.h">
      <Filter>Header Files</Filter>
    </ClInclude>
    <ClInclude Include="third-party\nuitrack-sdk\Nuitrack\include\nuitrack\modules\GestureRecognizer.h">
      <Filter>Header Files</Filter>
    </ClInclude>
    <ClInclude Include="third-party\nuitrack-sdk\Nuitrack\include\nuitrack\modules\HandTracker.h">
      <Filter>Header Files</Filter>
    </ClInclude>
    <ClInclude Include="third-party\nuitrack-sdk\Nuitrack\include\nuitrack\modules\HeaderOnlyAPI_Module.h">
      <Filter>Header Files</Filter>
    </ClInclude>
    <ClInclude Include="third-party\nuitrack-sdk\Nuitrack\include\nuitrack\modules\Module.h">
      <Filter>Header Files</Filter>
    </ClInclude>
    <ClInclude Include="third-party\nuitrack-sdk\Nuitrack\include\nuitrack\modules\NuitrackModule.h">
      <Filter>Header Files</Filter>
    </ClInclude>
    <ClInclude Include="third-party\nuitrack-sdk\Nuitrack\include\nuitrack\modules\SkeletonTracker.h">
      <Filter>Header Files</Filter>
    </ClInclude>
    <ClInclude Include="third-party\nuitrack-sdk\Nuitrack\include\nuitrack\modules\UserTracker.h">
      <Filter>Header Files</Filter>
    </ClInclude>
    <ClInclude Include="third-party\nuitrack-sdk\Nuitrack\include\nuitrack\types\BoundingBox.h">
      <Filter>Header Files</Filter>
    </ClInclude>
    <ClInclude Include="third-party\nuitrack-sdk\Nuitrack\include\nuitrack\types\Color3.h">
      <Filter>Header Files</Filter>
    </ClInclude>
    <ClInclude Include="third-party\nuitrack-sdk\Nuitrack\include\nuitrack\types\DepthFrame.h">
      <Filter>Header Files</Filter>
    </ClInclude>
    <ClInclude Include="third-party\nuitrack-sdk\Nuitrack\include\nuitrack\types\Error.h">
      <Filter>Header Files</Filter>
    </ClInclude>
    <ClInclude Include="third-party\nuitrack-sdk\Nuitrack\include\nuitrack\types\Export.h">
      <Filter>Header Files</Filter>
    </ClInclude>
    <ClInclude Include="third-party\nuitrack-sdk\Nuitrack\include\nuitrack\types\Frame.h">
      <Filter>Header Files</Filter>
    </ClInclude>
    <ClInclude Include="third-party\nuitrack-sdk\Nuitrack\include\nuitrack\types\FrameBorderIssue.h">
      <Filter>Header Files</Filter>
    </ClInclude>
    <ClInclude Include="third-party\nuitrack-sdk\Nuitrack\include\nuitrack\types\Gesture.h">
      <Filter>Header Files</Filter>
    </ClInclude>
    <ClInclude Include="third-party\nuitrack-sdk\Nuitrack\include\nuitrack\types\GestureData.h">
      <Filter>Header Files</Filter>
    </ClInclude>
    <ClInclude Include="third-party\nuitrack-sdk\Nuitrack\include\nuitrack\types\Hand.h">
      <Filter>Header Files</Filter>
    </ClInclude>
    <ClInclude Include="third-party\nuitrack-sdk\Nuitrack\include\nuitrack\types\HandTrackerData.h">
      <Filter>Header Files</Filter>
    </ClInclude>
    <ClInclude Include="third-party\nuitrack-sdk\Nuitrack\include\nuitrack\types\Human.h">
      <Filter>Header Files</Filter>
    </ClInclude>
    <ClInclude Include="third-party\nuitrack-sdk\Nuitrack\include\nuitrack\types\HumanData.h">
      <Filter>Header Files</Filter>
    </ClInclude>
    <ClInclude Include="third-party\nuitrack-sdk\Nuitrack\include\nuitrack\types\Issue.h">
      <Filter>Header Files</Filter>
    </ClInclude>
    <ClInclude Include="third-party\nuitrack-sdk\Nuitrack\include\nuitrack\types\IssuesData.h">
      <Filter>Header Files</Filter>
    </ClInclude>
    <ClInclude Include="third-party\nuitrack-sdk\Nuitrack\include\nuitrack\types\NuitrackDevice.h">
      <Filter>Header Files</Filter>
    </ClInclude>
    <ClInclude Include="third-party\nuitrack-sdk\Nuitrack\include\nuitrack\types\NuitrackDeviceCommon.h">
      <Filter>Header Files</Filter>
    </ClInclude>
    <ClInclude Include="third-party\nuitrack-sdk\Nuitrack\include\nuitrack\types\ObjectData.h">
      <Filter>Header Files</Filter>
    </ClInclude>
    <ClInclude Include="third-party\nuitrack-sdk\Nuitrack\include\nuitrack\types\OcclusionIssue.h">
      <Filter>Header Files</Filter>
    </ClInclude>
    <ClInclude Include="third-party\nuitrack-sdk\Nuitrack\include\nuitrack\types\Orientation.h">
      <Filter>Header Files</Filter>
    </ClInclude>
    <ClInclude Include="third-party\nuitrack-sdk\Nuitrack\include\nuitrack\types\OutputMode.h">
      <Filter>Header Files</Filter>
    </ClInclude>
    <ClInclude Include="third-party\nuitrack-sdk\Nuitrack\include\nuitrack\types\RGBFrame.h">
      <Filter>Header Files</Filter>
    </ClInclude>
    <ClInclude Include="third-party\nuitrack-sdk\Nuitrack\include\nuitrack\types\RGBMark.h">
      <Filter>Header Files</Filter>
    </ClInclude>
    <ClInclude Include="third-party\nuitrack-sdk\Nuitrack\include\nuitrack\types\SensorIssue.h">
      <Filter>Header Files</Filter>
    </ClInclude>
    <ClInclude Include="third-party\nuitrack-sdk\Nuitrack\include\nuitrack\types\Skeleton.h">
      <Filter>Header Files</Filter>
    </ClInclude>
    <ClInclude Include="third-party\nuitrack-sdk\Nuitrack\include\nuitrack\types\SkeletonData.h">
      <Filter>Header Files</Filter>
    </ClInclude>
    <ClInclude Include="third-party\nuitrack-sdk\Nuitrack\include\nuitrack\types\User.h">
      <Filter>Header Files</Filter>
    </ClInclude>
    <ClInclude Include="third-party\nuitrack-sdk\Nuitrack\include\nuitrack\types\UserFrame.h">
      <Filter>Header Files</Filter>
    </ClInclude>
    <ClInclude Include="third-party\nuitrack-sdk\Nuitrack\include\nuitrack\types\Vector3.h">
      <Filter>Header Files</Filter>
    </ClInclude>
    <ClInclude Include="third-party\nuitrack-sdk\Nuitrack\include\nuitrack\utils\CallbackStruct.h">
      <Filter>Header Files</Filter>
    </ClInclude>
    <ClInclude Include="third-party\nuitrack-sdk\Nuitrack\include\nuitrack\utils\ExceptionTranslator.h">
      <Filter>Header Files</Filter>
    </ClInclude>
    <ClInclude Include="third-party\nuitrack-sdk\Nuitrack\include\nuitrack\Nuitrack.h">
      <Filter>Header Files</Filter>
    </ClInclude>
  </ItemGroup>
  <ItemGroup>
    <Font Include="resources\fonts\Roboto-Medium.ttf" />
  </ItemGroup>
  <ItemGroup>
    <Image Include="resources\textures\ml.png">
      <Filter>Resource Files</Filter>
    </Image>
    <Image Include="resources\textures\brick.png">
      <Filter>Resource Files</Filter>
    </Image>
  </ItemGroup>
  <ItemGroup>
    <Text Include="src\requirements.txt" />
  </ItemGroup>
</Project>