<?xml version="1.0" encoding="utf-8"?>
<Project ToolsVersion="4.0" xmlns="http://schemas.microsoft.com/developer/msbuild/2003">
  <ItemGroup>
    <Filter Include="Source Files">
      <UniqueIdentifier>{4FC737F1-C7A5-4376-A066-2A32D752A2FF}</UniqueIdentifier>
      <Extensions>cpp;c;cc;cxx;c++;cppm;ixx;def;odl;idl;hpj;bat;asm;asmx</Extensions>
    </Filter>
    <Filter Include="Header Files">
      <UniqueIdentifier>{93995380-89BD-4b04-88EB-625FBE52EBFB}</UniqueIdentifier>
      <Extensions>h;hh;hpp;hxx;h++;hm;inl;inc;ipp;xsd</Extensions>
    </Filter>
    <Filter Include="Resource Files">
      <UniqueIdentifier>{67DA6AB6-F800-4c08-8B7A-83BB121AAD01}</UniqueIdentifier>
      <Extensions>rc;ico;cur;bmp;dlg;rc2;rct;bin;rgs;gif;jpg;jpeg;jpe;resx;tiff;tif;png;wav;mfcribbon-ms</Extensions>
    </Filter>
    <Filter Include="Resource Files\Orbbec">
      <UniqueIdentifier>{b51bdc35-2f94-43b9-a8b6-275f024afdd8}</UniqueIdentifier>
    </Filter>
    <Filter Include="Source Files\CameraController">
      <UniqueIdentifier>{4fef71fb-8f55-4ef9-9bd4-22e1ccb00dc2}</UniqueIdentifier>
    </Filter>
    <Filter Include="Header Files\Openni">
      <UniqueIdentifier>{451d06c9-1dee-40b9-9066-a36ce1bd7ed1}</UniqueIdentifier>
    </Filter>
  </ItemGroup>
  <ItemGroup>
    <ClCompile Include="src\main.cpp">
      <Filter>Source Files</Filter>
    </ClCompile>
    <ClCompile Include="src\OrbbecCamera.cpp">
      <Filter>Source Files\CameraController</Filter>
    </ClCompile>
    <ClCompile Include="src\RealSenseCamera.cpp">
      <Filter>Source Files\CameraController</Filter>
    </ClCompile>
    <ClCompile Include="src\DepthCamera.cpp">
      <Filter>Source Files\CameraController</Filter>
    </ClCompile>
    <ClCompile Include="src\App.cpp">
      <Filter>Source Files</Filter>
    </ClCompile>
  </ItemGroup>
  <ItemGroup>
    <None Include=".gitignore">
      <Filter>Resource Files</Filter>
    </None>
    <None Include="Readme.md">
      <Filter>Resource Files</Filter>
    </None>
    <None Include="vcpkg.json">
      <Filter>Resource Files</Filter>
    </None>
    <None Include="docs\Orbbec\en\0000_Overview.md">
      <Filter>Resource Files\Orbbec</Filter>
    </None>
    <None Include="docs\Orbbec\en\0100_Installation.md">
      <Filter>Resource Files\Orbbec</Filter>
    </None>
    <None Include="docs\Orbbec\en\0200_Code samples.md">
      <Filter>Resource Files\Orbbec</Filter>
    </None>
    <None Include="docs\Orbbec\en\0300_SDK knowledge base.md">
      <Filter>Resource Files\Orbbec</Filter>
    </None>
    <None Include="docs\Orbbec\en\0400_API.md">
      <Filter>Resource Files\Orbbec</Filter>
    </None>
    <None Include="docs\Orbbec\en\0500_Product Support.md">
      <Filter>Resource Files\Orbbec</Filter>
    </None>
    <None Include="packages.config" />
  </ItemGroup>
  <ItemGroup>
    <ClInclude Include="include\DepthCamera.h">
      <Filter>Header Files</Filter>
    </ClInclude>
    <ClInclude Include="include\Circle.h">
      <Filter>Header Files</Filter>
    </ClInclude>
    <ClInclude Include="include\ImguiBootstrap.h">
      <Filter>Header Files</Filter>
    </ClInclude>
    <ClInclude Include="third-party\OpenNI_SDK\Include\OpenNI.h">
      <Filter>Header Files\Openni</Filter>
    </ClInclude>
    <ClInclude Include="include\App.h">
      <Filter>Header Files</Filter>
    </ClInclude>
    <ClInclude Include="include\Utilities.h">
      <Filter>Header Files</Filter>
    </ClInclude>
    <ClInclude Include="include\WalkingAverage.h">
      <Filter>Header Files</Filter>
    </ClInclude>
    <ClInclude Include="include\Parameters.h">
      <Filter>Header Files</Filter>
    </ClInclude>
  </ItemGroup>
</Project>